
Microsoft Visual Studio Solution File, Format Version 12.00
# Visual Studio Version 17
VisualStudioVersion = 17.7.34009.444
MinimumVisualStudioVersion = 10.0.40219.1
Project("{9A19103F-16F7-4668-BE54-9A1E7A4F7556}") = "BL", "BL\BL.csproj", "{6EA9C1E1-1C9F-4311-9CCB-65495360DEFE}"
EndProject
Project("{9A19103F-16F7-4668-BE54-9A1E7A4F7556}") = "ML", "ML\ML.csproj", "{80E3C939-51D1-4667-9E5E-98C55D1E0B54}"
EndProject
Project("{9A19103F-16F7-4668-BE54-9A1E7A4F7556}") = "DL", "DL\DL.csproj", "{9EDE1843-CA74-46BB-9E3A-C82FB3ACE499}"
EndProject
Project("{9A19103F-16F7-4668-BE54-9A1E7A4F7556}") = "PL", "PL\PL.csproj", "{5DE8B971-E96A-431D-91BB-64040DA311B0}"
EndProject
Project("{9A19103F-16F7-4668-BE54-9A1E7A4F7556}") = "SL", "SL\SL.csproj", "{D41DDE91-6E60-42B1-9F83-AB35B7FC637C}"
EndProject
Global
	GlobalSection(SolutionConfigurationPlatforms) = preSolution
		Debug|Any CPU = Debug|Any CPU
		Release|Any CPU = Release|Any CPU
	EndGlobalSection
	GlobalSection(ProjectConfigurationPlatforms) = postSolution
		{6EA9C1E1-1C9F-4311-9CCB-65495360DEFE}.Debug|Any CPU.ActiveCfg = Debug|Any CPU
		{6EA9C1E1-1C9F-4311-9CCB-65495360DEFE}.Debug|Any CPU.Build.0 = Debug|Any CPU
		{6EA9C1E1-1C9F-4311-9CCB-65495360DEFE}.Release|Any CPU.ActiveCfg = Release|Any CPU
		{6EA9C1E1-1C9F-4311-9CCB-65495360DEFE}.Release|Any CPU.Build.0 = Release|Any CPU
		{80E3C939-51D1-4667-9E5E-98C55D1E0B54}.Debug|Any CPU.ActiveCfg = Debug|Any CPU
		{80E3C939-51D1-4667-9E5E-98C55D1E0B54}.Debug|Any CPU.Build.0 = Debug|Any CPU
		{80E3C939-51D1-4667-9E5E-98C55D1E0B54}.Release|Any CPU.ActiveCfg = Release|Any CPU
		{80E3C939-51D1-4667-9E5E-98C55D1E0B54}.Release|Any CPU.Build.0 = Release|Any CPU
		{9EDE1843-CA74-46BB-9E3A-C82FB3ACE499}.Debug|Any CPU.ActiveCfg = Debug|Any CPU
		{9EDE1843-CA74-46BB-9E3A-C82FB3ACE499}.Debug|Any CPU.Build.0 = Debug|Any CPU
		{9EDE1843-CA74-46BB-9E3A-C82FB3ACE499}.Release|Any CPU.ActiveCfg = Release|Any CPU
		{9EDE1843-CA74-46BB-9E3A-C82FB3ACE499}.Release|Any CPU.Build.0 = Release|Any CPU
		{5DE8B971-E96A-431D-91BB-64040DA311B0}.Debug|Any CPU.ActiveCfg = Debug|Any CPU
		{5DE8B971-E96A-431D-91BB-64040DA311B0}.Debug|Any CPU.Build.0 = Debug|Any CPU
		{5DE8B971-E96A-431D-91BB-64040DA311B0}.Release|Any CPU.ActiveCfg = Release|Any CPU
		{5DE8B971-E96A-431D-91BB-64040DA311B0}.Release|Any CPU.Build.0 = Release|Any CPU
		{D41DDE91-6E60-42B1-9F83-AB35B7FC637C}.Debug|Any CPU.ActiveCfg = Debug|Any CPU
		{D41DDE91-6E60-42B1-9F83-AB35B7FC637C}.Debug|Any CPU.Build.0 = Debug|Any CPU
		{D41DDE91-6E60-42B1-9F83-AB35B7FC637C}.Release|Any CPU.ActiveCfg = Release|Any CPU
		{D41DDE91-6E60-42B1-9F83-AB35B7FC637C}.Release|Any CPU.Build.0 = Release|Any CPU
	EndGlobalSection
	GlobalSection(SolutionProperties) = preSolution
		HideSolutionNode = FALSE
	EndGlobalSection
	GlobalSection(ExtensibilityGlobals) = postSolution
		SolutionGuid = {2DEB0D15-46AB-48AD-84E3-6ED3F5EB518B}
	EndGlobalSection
EndGlobal
